
Microsoft Visual Studio Solution File, Format Version 12.00
# Visual Studio Version 17
VisualStudioVersion = 17.4.33110.190
MinimumVisualStudioVersion = 10.0.40219.1
Project("{FAE04EC0-301F-11D3-BF4B-00C04F79EFBC}") = "16ex", "16ex\16ex.csproj", "{80D127F3-CBC3-425F-BA75-026B0D9AF19F}"
EndProject
Global
	GlobalSection(SolutionConfigurationPlatforms) = preSolution
		Debug|Any CPU = Debug|Any CPU
		Release|Any CPU = Release|Any CPU
	EndGlobalSection
	GlobalSection(ProjectConfigurationPlatforms) = postSolution
		{80D127F3-CBC3-425F-BA75-026B0D9AF19F}.Debug|Any CPU.ActiveCfg = Debug|Any CPU
		{80D127F3-CBC3-425F-BA75-026B0D9AF19F}.Debug|Any CPU.Build.0 = Debug|Any CPU
		{80D127F3-CBC3-425F-BA75-026B0D9AF19F}.Release|Any CPU.ActiveCfg = Release|Any CPU
		{80D127F3-CBC3-425F-BA75-026B0D9AF19F}.Release|Any CPU.Build.0 = Release|Any CPU
	EndGlobalSection
	GlobalSection(SolutionProperties) = preSolution
		HideSolutionNode = FALSE
	EndGlobalSection
	GlobalSection(ExtensibilityGlobals) = postSolution
		SolutionGuid = {070DA311-66F4-40A3-A88F-C1CC14C545E3}
	EndGlobalSection
EndGlobal
